{
  "projects": [
    {
      "projectId": "ohDidvG9XsCeFumugENU3J",
      "version": "6.31.0",
      "dependencies": {},
      "lang": "js",
      "fileLocks": [
        {
          "assetId": "ohDidvG9XsCeFumugENU3J",
          "type": "projectCss",
          "checksum": "ba2a60a163fca4f4d510275088a2be53"
        },
        {
          "assetId": "ohDidvG9XsCeFumugENU3J",
          "checksum": "f9cc098ce5640eefe7d9edb8470a210c",
          "type": "globalContexts"
        }
      ],
      "codegenVersion": "0.0.1"
    },
    {
      "projectId": "sN4i5kimvrzZPe3c4C69Rx",
      "version": "latest",
      "dependencies": {
        "ohDidvG9XsCeFumugENU3J": "6.31.0",
        "YUiM7yqBWAqsh8KSnrdj7": "0.35.0"
      },
      "lang": "js",
      "fileLocks": [
        {
          "type": "globalVariant",
          "assetId": "9oD74VSZ-bZy",
          "checksum": "0e765e45857e260e7fac396cf98efc94"
        },
        {
          "assetId": "sN4i5kimvrzZPe3c4C69Rx",
          "checksum": "8714ec1ddf0103572a1fc46e28f21280",
          "type": "globalContexts"
        },
        {
          "type": "renderModule",
          "assetId": "ixv_7-BDdYmI",
          "checksum": "ca0f3e3f5276b738fd0430ffb5b8519b"
        },
        {
          "type": "cssRules",
          "assetId": "ixv_7-BDdYmI",
          "checksum": "ca0f3e3f5276b738fd0430ffb5b8519b"
        },
        {
          "assetId": "sN4i5kimvrzZPe3c4C69Rx",
          "type": "projectCss",
          "checksum": "7dfd5c79fb5e48f053d686ef3fa8534d"
        }
      ],
      "codegenVersion": "0.0.1"
    },
    {
      "projectId": "YUiM7yqBWAqsh8KSnrdj7",
      "version": "0.35.0",
      "dependencies": {},
      "lang": "js",
      "fileLocks": [
        {
          "assetId": "YUiM7yqBWAqsh8KSnrdj7",
          "type": "projectCss",
          "checksum": "21b499a9da4edbc2266c72c2ba127787"
        }
      ],
      "codegenVersion": "0.0.1"
    }
  ],
  "cliVersion": "0.1.338"
}
